
Microsoft Visual Studio Solution File, Format Version 12.00
# Visual Studio Version 16
VisualStudioVersion = 16.0.30406.217
MinimumVisualStudioVersion = 10.0.40219.1
Project("{FAE04EC0-301F-11D3-BF4B-00C04F79EFBC}") = "KeyKeeper", "KeyKeeper\KeyKeeper.csproj", "{B143D58C-B79C-4E82-AB6C-11D7665ACE0D}"
EndProject
Project("{FAE04EC0-301F-11D3-BF4B-00C04F79EFBC}") = "KeyKeeperIntergationTester", "..\KeyKeeperIntergationTester\KeyKeeperIntergationTester.csproj", "{642747ED-8FD6-459B-9D29-1C3934068A07}"
EndProject
Project("{FAE04EC0-301F-11D3-BF4B-00C04F79EFBC}") = "KeyKeeperStyleTestingSite", "..\KeyKeeperStyleTestingSite\KeyKeeperStyleTestingSite.csproj", "{C5CC1023-4A82-4F69-A62D-E605B24DE837}"
EndProject
Global
	GlobalSection(SolutionConfigurationPlatforms) = preSolution
		Debug|Any CPU = Debug|Any CPU
		Release|Any CPU = Release|Any CPU
	EndGlobalSection
	GlobalSection(ProjectConfigurationPlatforms) = postSolution
		{B143D58C-B79C-4E82-AB6C-11D7665ACE0D}.Debug|Any CPU.ActiveCfg = Debug|Any CPU
		{B143D58C-B79C-4E82-AB6C-11D7665ACE0D}.Debug|Any CPU.Build.0 = Debug|Any CPU
		{B143D58C-B79C-4E82-AB6C-11D7665ACE0D}.Release|Any CPU.ActiveCfg = Release|Any CPU
		{B143D58C-B79C-4E82-AB6C-11D7665ACE0D}.Release|Any CPU.Build.0 = Release|Any CPU
		{642747ED-8FD6-459B-9D29-1C3934068A07}.Debug|Any CPU.ActiveCfg = Debug|Any CPU
		{642747ED-8FD6-459B-9D29-1C3934068A07}.Debug|Any CPU.Build.0 = Debug|Any CPU
		{642747ED-8FD6-459B-9D29-1C3934068A07}.Release|Any CPU.ActiveCfg = Release|Any CPU
		{642747ED-8FD6-459B-9D29-1C3934068A07}.Release|Any CPU.Build.0 = Release|Any CPU
		{C5CC1023-4A82-4F69-A62D-E605B24DE837}.Debug|Any CPU.ActiveCfg = Debug|Any CPU
		{C5CC1023-4A82-4F69-A62D-E605B24DE837}.Debug|Any CPU.Build.0 = Debug|Any CPU
		{C5CC1023-4A82-4F69-A62D-E605B24DE837}.Release|Any CPU.ActiveCfg = Release|Any CPU
		{C5CC1023-4A82-4F69-A62D-E605B24DE837}.Release|Any CPU.Build.0 = Release|Any CPU
	EndGlobalSection
	GlobalSection(SolutionProperties) = preSolution
		HideSolutionNode = FALSE
	EndGlobalSection
	GlobalSection(ExtensibilityGlobals) = postSolution
		SolutionGuid = {3235839C-768A-4B28-9967-997F4C553D68}
	EndGlobalSection
EndGlobal
